// !$*UTF8*$!
{
	archiveVersion = 1;
	classes = {
	};
	objectVersion = 56;
	objects = {

/* Begin PBXBuildFile section */
		6B3C6F762A20A5F500617688 /* CommunityWeek2023App.swift in Sources */ = {isa = PBXBuildFile; fileRef = 6B3C6F752A20A5F500617688 /* CommunityWeek2023App.swift */; };
		6B3C6F782A20A5F500617688 /* ContentView.swift in Sources */ = {isa = PBXBuildFile; fileRef = 6B3C6F772A20A5F500617688 /* ContentView.swift */; };
		6B3C6F7A2A20A5F700617688 /* Assets.xcassets in Resources */ = {isa = PBXBuildFile; fileRef = 6B3C6F792A20A5F700617688 /* Assets.xcassets */; };
		6B3C6F7D2A20A5F700617688 /* Preview Assets.xcassets in Resources */ = {isa = PBXBuildFile; fileRef = 6B3C6F7C2A20A5F700617688 /* Preview Assets.xcassets */; };
		6B3C6F882A20A5F700617688 /* CommunityWeek2023Tests.swift in Sources */ = {isa = PBXBuildFile; fileRef = 6B3C6F872A20A5F700617688 /* CommunityWeek2023Tests.swift */; };
		6B3C6F922A20A5F700617688 /* CommunityWeek2023UITests.swift in Sources */ = {isa = PBXBuildFile; fileRef = 6B3C6F912A20A5F700617688 /* CommunityWeek2023UITests.swift */; };
		6B3C6F942A20A5F700617688 /* CommunityWeek2023UITestsLaunchTests.swift in Sources */ = {isa = PBXBuildFile; fileRef = 6B3C6F932A20A5F700617688 /* CommunityWeek2023UITestsLaunchTests.swift */; };
/* End PBXBuildFile section */

/* Begin PBXContainerItemProxy section */
		6B3C6F842A20A5F700617688 /* PBXContainerItemProxy */ = {
			isa = PBXContainerItemProxy;
			containerPortal = 6B3C6F6A2A20A5F500617688 /* Project object */;
			proxyType = 1;
			remoteGlobalIDString = 6B3C6F712A20A5F500617688;
			remoteInfo = CommunityWeek2023;
		};
		6B3C6F8E2A20A5F700617688 /* PBXContainerItemProxy */ = {
			isa = PBXContainerItemProxy;
			containerPortal = 6B3C6F6A2A20A5F500617688 /* Project object */;
			proxyType = 1;
			remoteGlobalIDString = 6B3C6F712A20A5F500617688;
			remoteInfo = CommunityWeek2023;
		};
/* End PBXContainerItemProxy section */

/* Begin PBXFileReference section */
		6B3C6F722A20A5F500617688 /* CommunityWeek2023.app */ = {isa = PBXFileReference; explicitFileType = wrapper.application; includeInIndex = 0; path = CommunityWeek2023.app; sourceTree = BUILT_PRODUCTS_DIR; };
		6B3C6F752A20A5F500617688 /* CommunityWeek2023App.swift */ = {isa = PBXFileReference; lastKnownFileType = sourcecode.swift; path = CommunityWeek2023App.swift; sourceTree = "<group>"; };
		6B3C6F772A20A5F500617688 /* ContentView.swift */ = {isa = PBXFileReference; lastKnownFileType = sourcecode.swift; path = ContentView.swift; sourceTree = "<group>"; };
		6B3C6F792A20A5F700617688 /* Assets.xcassets */ = {isa = PBXFileReference; lastKnownFileType = folder.assetcatalog; path = Assets.xcassets; sourceTree = "<group>"; };
		6B3C6F7C2A20A5F700617688 /* Preview Assets.xcassets */ = {isa = PBXFileReference; lastKnownFileType = folder.assetcatalog; path = "Preview Assets.xcassets"; sourceTree = "<group>"; };
		6B3C6F7E2A20A5F700617688 /* CommunityWeek2023.entitlements */ = {isa = PBXFileReference; lastKnownFileType = text.plist.entitlements; path = CommunityWeek2023.entitlements; sourceTree = "<group>"; };
		6B3C6F832A20A5F700617688 /* CommunityWeek2023Tests.xctest */ = {isa = PBXFileReference; explicitFileType = wrapper.cfbundle; includeInIndex = 0; path = CommunityWeek2023Tests.xctest; sourceTree = BUILT_PRODUCTS_DIR; };
		6B3C6F872A20A5F700617688 /* CommunityWeek2023Tests.swift */ = {isa = PBXFileReference; lastKnownFileType = sourcecode.swift; path = CommunityWeek2023Tests.swift; sourceTree = "<group>"; };
		6B3C6F8D2A20A5F700617688 /* CommunityWeek2023UITests.xctest */ = {isa = PBXFileReference; explicitFileType = wrapper.cfbundle; includeInIndex = 0; path = CommunityWeek2023UITests.xctest; sourceTree = BUILT_PRODUCTS_DIR; };
		6B3C6F912A20A5F700617688 /* CommunityWeek2023UITests.swift */ = {isa = PBXFileReference; lastKnownFileType = sourcecode.swift; path = CommunityWeek2023UITests.swift; sourceTree = "<group>"; };
		6B3C6F932A20A5F700617688 /* CommunityWeek2023UITestsLaunchTests.swift */ = {isa = PBXFileReference; lastKnownFileType = sourcecode.swift; path = CommunityWeek2023UITestsLaunchTests.swift; sourceTree = "<group>"; };
/* End PBXFileReference section */

/* Begin PBXFrameworksBuildPhase section */
		6B3C6F6F2A20A5F500617688 /* Frameworks */ = {
			isa = PBXFrameworksBuildPhase;
			buildActionMask = 2147483647;
			files = (
			);
			runOnlyForDeploymentPostprocessing = 0;
		};
		6B3C6F802A20A5F700617688 /* Frameworks */ = {
			isa = PBXFrameworksBuildPhase;
			buildActionMask = 2147483647;
			files = (
			);
			runOnlyForDeploymentPostprocessing = 0;
		};
		6B3C6F8A2A20A5F700617688 /* Frameworks */ = {
			isa = PBXFrameworksBuildPhase;
			buildActionMask = 2147483647;
			files = (
			);
			runOnlyForDeploymentPostprocessing = 0;
		};
/* End PBXFrameworksBuildPhase section */

/* Begin PBXGroup section */
		6B3C6F692A20A5F500617688 = {
			isa = PBXGroup;
			children = (
				6B3C6F742A20A5F500617688 /* CommunityWeek2023 */,
				6B3C6F862A20A5F700617688 /* CommunityWeek2023Tests */,
				6B3C6F902A20A5F700617688 /* CommunityWeek2023UITests */,
				6B3C6F732A20A5F500617688 /* Products */,
			);
			sourceTree = "<group>";
		};
		6B3C6F732A20A5F500617688 /* Products */ = {
			isa = PBXGroup;
			children = (
				6B3C6F722A20A5F500617688 /* CommunityWeek2023.app */,
				6B3C6F832A20A5F700617688 /* CommunityWeek2023Tests.xctest */,
				6B3C6F8D2A20A5F700617688 /* CommunityWeek2023UITests.xctest */,
			);
			name = Products;
			sourceTree = "<group>";
		};
		6B3C6F742A20A5F500617688 /* CommunityWeek2023 */ = {
			isa = PBXGroup;
			children = (
				6B3C6F752A20A5F500617688 /* CommunityWeek2023App.swift */,
				6B3C6F772A20A5F500617688 /* ContentView.swift */,
				6B3C6F792A20A5F700617688 /* Assets.xcassets */,
				6B3C6F7E2A20A5F700617688 /* CommunityWeek2023.entitlements */,
				6B3C6F7B2A20A5F700617688 /* Preview Content */,
			);
			path = CommunityWeek2023;
			sourceTree = "<group>";
		};
		6B3C6F7B2A20A5F700617688 /* Preview Content */ = {
			isa = PBXGroup;
			children = (
				6B3C6F7C2A20A5F700617688 /* Preview Assets.xcassets */,
			);
			path = "Preview Content";
			sourceTree = "<group>";
		};
		6B3C6F862A20A5F700617688 /* CommunityWeek2023Tests */ = {
			isa = PBXGroup;
			children = (
				6B3C6F872A20A5F700617688 /* CommunityWeek2023Tests.swift */,
			);
			path = CommunityWeek2023Tests;
			sourceTree = "<group>";
		};
		6B3C6F902A20A5F700617688 /* CommunityWeek2023UITests */ = {
			isa = PBXGroup;
			children = (
				6B3C6F912A20A5F700617688 /* CommunityWeek2023UITests.swift */,
				6B3C6F932A20A5F700617688 /* CommunityWeek2023UITestsLaunchTests.swift */,
			);
			path = CommunityWeek2023UITests;
			sourceTree = "<group>";
		};
/* End PBXGroup section */

/* Begin PBXNativeTarget section */
		6B3C6F712A20A5F500617688 /* CommunityWeek2023 */ = {
			isa = PBXNativeTarget;
			buildConfigurationList = 6B3C6F972A20A5F700617688 /* Build configuration list for PBXNativeTarget "CommunityWeek2023" */;
			buildPhases = (
				6B3C6F6E2A20A5F500617688 /* Sources */,
				6B3C6F6F2A20A5F500617688 /* Frameworks */,
				6B3C6F702A20A5F500617688 /* Resources */,
			);
			buildRules = (
			);
			dependencies = (
			);
			name = CommunityWeek2023;
			productName = CommunityWeek2023;
			productReference = 6B3C6F722A20A5F500617688 /* CommunityWeek2023.app */;
			productType = "com.apple.product-type.application";
		};
		6B3C6F822A20A5F700617688 /* CommunityWeek2023Tests */ = {
			isa = PBXNativeTarget;
			buildConfigurationList = 6B3C6F9A2A20A5F700617688 /* Build configuration list for PBXNativeTarget "CommunityWeek2023Tests" */;
			buildPhases = (
				6B3C6F7F2A20A5F700617688 /* Sources */,
				6B3C6F802A20A5F700617688 /* Frameworks */,
				6B3C6F812A20A5F700617688 /* Resources */,
			);
			buildRules = (
			);
			dependencies = (
				6B3C6F852A20A5F700617688 /* PBXTargetDependency */,
			);
			name = CommunityWeek2023Tests;
			productName = CommunityWeek2023Tests;
			productReference = 6B3C6F832A20A5F700617688 /* CommunityWeek2023Tests.xctest */;
			productType = "com.apple.product-type.bundle.unit-test";
		};
		6B3C6F8C2A20A5F700617688 /* CommunityWeek2023UITests */ = {
			isa = PBXNativeTarget;
			buildConfigurationList = 6B3C6F9D2A20A5F700617688 /* Build configuration list for PBXNativeTarget "CommunityWeek2023UITests" */;
			buildPhases = (
				6B3C6F892A20A5F700617688 /* Sources */,
				6B3C6F8A2A20A5F700617688 /* Frameworks */,
				6B3C6F8B2A20A5F700617688 /* Resources */,
			);
			buildRules = (
			);
			dependencies = (
				6B3C6F8F2A20A5F700617688 /* PBXTargetDependency */,
			);
			name = CommunityWeek2023UITests;
			productName = CommunityWeek2023UITests;
			productReference = 6B3C6F8D2A20A5F700617688 /* CommunityWeek2023UITests.xctest */;
			productType = "com.apple.product-type.bundle.ui-testing";
		};
/* End PBXNativeTarget section */

/* Begin PBXProject section */
		6B3C6F6A2A20A5F500617688 /* Project object */ = {
			isa = PBXProject;
			attributes = {
				BuildIndependentTargetsInParallel = 1;
				LastSwiftUpdateCheck = 1420;
				LastUpgradeCheck = 1420;
				TargetAttributes = {
					6B3C6F712A20A5F500617688 = {
						CreatedOnToolsVersion = 14.2;
					};
					6B3C6F822A20A5F700617688 = {
						CreatedOnToolsVersion = 14.2;
						TestTargetID = 6B3C6F712A20A5F500617688;
					};
					6B3C6F8C2A20A5F700617688 = {
						CreatedOnToolsVersion = 14.2;
						TestTargetID = 6B3C6F712A20A5F500617688;
					};
				};
			};
			buildConfigurationList = 6B3C6F6D2A20A5F500617688 /* Build configuration list for PBXProject "CommunityWeek2023" */;
			compatibilityVersion = "Xcode 14.0";
			developmentRegion = en;
			hasScannedForEncodings = 0;
			knownRegions = (
				en,
				Base,
			);
			mainGroup = 6B3C6F692A20A5F500617688;
			productRefGroup = 6B3C6F732A20A5F500617688 /* Products */;
			projectDirPath = "";
			projectRoot = "";
			targets = (
				6B3C6F712A20A5F500617688 /* CommunityWeek2023 */,
				6B3C6F822A20A5F700617688 /* CommunityWeek2023Tests */,
				6B3C6F8C2A20A5F700617688 /* CommunityWeek2023UITests */,
			);
		};
/* End PBXProject section */

/* Begin PBXResourcesBuildPhase section */
		6B3C6F702A20A5F500617688 /* Resources */ = {
			isa = PBXResourcesBuildPhase;
			buildActionMask = 2147483647;
			files = (
				6B3C6F7D2A20A5F700617688 /* Preview Assets.xcassets in Resources */,
				6B3C6F7A2A20A5F700617688 /* Assets.xcassets in Resources */,
			);
			runOnlyForDeploymentPostprocessing = 0;
		};
		6B3C6F812A20A5F700617688 /* Resources */ = {
			isa = PBXResourcesBuildPhase;
			buildActionMask = 2147483647;
			files = (
			);
			runOnlyForDeploymentPostprocessing = 0;
		};
		6B3C6F8B2A20A5F700617688 /* Resources */ = {
			isa = PBXResourcesBuildPhase;
			buildActionMask = 2147483647;
			files = (
			);
			runOnlyForDeploymentPostprocessing = 0;
		};
/* End PBXResourcesBuildPhase section */

/* Begin PBXSourcesBuildPhase section */
		6B3C6F6E2A20A5F500617688 /* Sources */ = {
			isa = PBXSourcesBuildPhase;
			buildActionMask = 2147483647;
			files = (
				6B3C6F782A20A5F500617688 /* ContentView.swift in Sources */,
				6B3C6F762A20A5F500617688 /* CommunityWeek2023App.swift in Sources */,
			);
			runOnlyForDeploymentPostprocessing = 0;
		};
		6B3C6F7F2A20A5F700617688 /* Sources */ = {
			isa = PBXSourcesBuildPhase;
			buildActionMask = 2147483647;
			files = (
				6B3C6F882A20A5F700617688 /* CommunityWeek2023Tests.swift in Sources */,
			);
			runOnlyForDeploymentPostprocessing = 0;
		};
		6B3C6F892A20A5F700617688 /* Sources */ = {
			isa = PBXSourcesBuildPhase;
			buildActionMask = 2147483647;
			files = (
				6B3C6F922A20A5F700617688 /* CommunityWeek2023UITests.swift in Sources */,
				6B3C6F942A20A5F700617688 /* CommunityWeek2023UITestsLaunchTests.swift in Sources */,
			);
			runOnlyForDeploymentPostprocessing = 0;
		};
/* End PBXSourcesBuildPhase section */

/* Begin PBXTargetDependency section */
		6B3C6F852A20A5F700617688 /* PBXTargetDependency */ = {
			isa = PBXTargetDependency;
			target = 6B3C6F712A20A5F500617688 /* CommunityWeek2023 */;
			targetProxy = 6B3C6F842A20A5F700617688 /* PBXContainerItemProxy */;
		};
		6B3C6F8F2A20A5F700617688 /* PBXTargetDependency */ = {
			isa = PBXTargetDependency;
			target = 6B3C6F712A20A5F500617688 /* CommunityWeek2023 */;
			targetProxy = 6B3C6F8E2A20A5F700617688 /* PBXContainerItemProxy */;
		};
/* End PBXTargetDependency section */

/* Begin XCBuildConfiguration section */
		6B3C6F952A20A5F700617688 /* Debug */ = {
			isa = XCBuildConfiguration;
			buildSettings = {
				ALWAYS_SEARCH_USER_PATHS = NO;
				CLANG_ANALYZER_NONNULL = YES;
				CLANG_ANALYZER_NUMBER_OBJECT_CONVERSION = YES_AGGRESSIVE;
				CLANG_CXX_LANGUAGE_STANDARD = "gnu++20";
				CLANG_ENABLE_MODULES = YES;
				CLANG_ENABLE_OBJC_ARC = YES;
				CLANG_ENABLE_OBJC_WEAK = YES;
				CLANG_WARN_BLOCK_CAPTURE_AUTORELEASING = YES;
				CLANG_WARN_BOOL_CONVERSION = YES;
				CLANG_WARN_COMMA = YES;
				CLANG_WARN_CONSTANT_CONVERSION = YES;
				CLANG_WARN_DEPRECATED_OBJC_IMPLEMENTATIONS = YES;
				CLANG_WARN_DIRECT_OBJC_ISA_USAGE = YES_ERROR;
				CLANG_WARN_DOCUMENTATION_COMMENTS = YES;
				CLANG_WARN_EMPTY_BODY = YES;
				CLANG_WARN_ENUM_CONVERSION = YES;
				CLANG_WARN_INFINITE_RECURSION = YES;
				CLANG_WARN_INT_CONVERSION = YES;
				CLANG_WARN_NON_LITERAL_NULL_CONVERSION = YES;
				CLANG_WARN_OBJC_IMPLICIT_RETAIN_SELF = YES;
				CLANG_WARN_OBJC_LITERAL_CONVERSION = YES;
				CLANG_WARN_OBJC_ROOT_CLASS = YES_ERROR;
				CLANG_WARN_QUOTED_INCLUDE_IN_FRAMEWORK_HEADER = YES;
				CLANG_WARN_RANGE_LOOP_ANALYSIS = YES;
				CLANG_WARN_STRICT_PROTOTYPES = YES;
				CLANG_WARN_SUSPICIOUS_MOVE = YES;
				CLANG_WARN_UNGUARDED_AVAILABILITY = YES_AGGRESSIVE;
				CLANG_WARN_UNREACHABLE_CODE = YES;
				CLANG_WARN__DUPLICATE_METHOD_MATCH = YES;
				COPY_PHASE_STRIP = NO;
				DEBUG_INFORMATION_FORMAT = dwarf;
				ENABLE_STRICT_OBJC_MSGSEND = YES;
				ENABLE_TESTABILITY = YES;
				GCC_C_LANGUAGE_STANDARD = gnu11;
				GCC_DYNAMIC_NO_PIC = NO;
				GCC_NO_COMMON_BLOCKS = YES;
				GCC_OPTIMIZATION_LEVEL = 0;
				GCC_PREPROCESSOR_DEFINITIONS = (
					"DEBUG=1",
					"$(inherited)",
				);
				GCC_WARN_64_TO_32_BIT_CONVERSION = YES;
				GCC_WARN_ABOUT_RETURN_TYPE = YES_ERROR;
				GCC_WARN_UNDECLARED_SELECTOR = YES;
				GCC_WARN_UNINITIALIZED_AUTOS = YES_AGGRESSIVE;
				GCC_WARN_UNUSED_FUNCTION = YES;
				GCC_WARN_UNUSED_VARIABLE = YES;
				MACOSX_DEPLOYMENT_TARGET = 13.1;
				MTL_ENABLE_DEBUG_INFO = INCLUDE_SOURCE;
				MTL_FAST_MATH = YES;
				ONLY_ACTIVE_ARCH = YES;
				SDKROOT = macosx;
				SWIFT_ACTIVE_COMPILATION_CONDITIONS = DEBUG;
				SWIFT_OPTIMIZATION_LEVEL = "-Onone";
			};
			name = Debug;
		};
		6B3C6F962A20A5F700617688 /* Release */ = {
			isa = XCBuildConfiguration;
			buildSettings = {
				ALWAYS_SEARCH_USER_PATHS = NO;
				CLANG_ANALYZER_NONNULL = YES;
				CLANG_ANALYZER_NUMBER_OBJECT_CONVERSION = YES_AGGRESSIVE;
				CLANG_CXX_LANGUAGE_STANDARD = "gnu++20";
				CLANG_ENABLE_MODULES = YES;
				CLANG_ENABLE_OBJC_ARC = YES;
				CLANG_ENABLE_OBJC_WEAK = YES;
				CLANG_WARN_BLOCK_CAPTURE_AUTORELEASING = YES;
				CLANG_WARN_BOOL_CONVERSION = YES;
				CLANG_WARN_COMMA = YES;
				CLANG_WARN_CONSTANT_CONVERSION = YES;
				CLANG_WARN_DEPRECATED_OBJC_IMPLEMENTATIONS = YES;
				CLANG_WARN_DIRECT_OBJC_ISA_USAGE = YES_ERROR;
				CLANG_WARN_DOCUMENTATION_COMMENTS = YES;
				CLANG_WARN_EMPTY_BODY = YES;
				CLANG_WARN_ENUM_CONVERSION = YES;
				CLANG_WARN_INFINITE_RECURSION = YES;
				CLANG_WARN_INT_CONVERSION = YES;
				CLANG_WARN_NON_LITERAL_NULL_CONVERSION = YES;
				CLANG_WARN_OBJC_IMPLICIT_RETAIN_SELF = YES;
				CLANG_WARN_OBJC_LITERAL_CONVERSION = YES;
				CLANG_WARN_OBJC_ROOT_CLASS = YES_ERROR;
				CLANG_WARN_QUOTED_INCLUDE_IN_FRAMEWORK_HEADER = YES;
				CLANG_WARN_RANGE_LOOP_ANALYSIS = YES;
				CLANG_WARN_STRICT_PROTOTYPES = YES;
				CLANG_WARN_SUSPICIOUS_MOVE = YES;
				CLANG_WARN_UNGUARDED_AVAILABILITY = YES_AGGRESSIVE;
				CLANG_WARN_UNREACHABLE_CODE = YES;
				CLANG_WARN__DUPLICATE_METHOD_MATCH = YES;
				COPY_PHASE_STRIP = NO;
				DEBUG_INFORMATION_FORMAT = "dwarf-with-dsym";
				ENABLE_NS_ASSERTIONS = NO;
				ENABLE_STRICT_OBJC_MSGSEND = YES;
				GCC_C_LANGUAGE_STANDARD = gnu11;
				GCC_NO_COMMON_BLOCKS = YES;
				GCC_WARN_64_TO_32_BIT_CONVERSION = YES;
				GCC_WARN_ABOUT_RETURN_TYPE = YES_ERROR;
				GCC_WARN_UNDECLARED_SELECTOR = YES;
				GCC_WARN_UNINITIALIZED_AUTOS = YES_AGGRESSIVE;
				GCC_WARN_UNUSED_FUNCTION = YES;
				GCC_WARN_UNUSED_VARIABLE = YES;
				MACOSX_DEPLOYMENT_TARGET = 13.1;
				MTL_ENABLE_DEBUG_INFO = NO;
				MTL_FAST_MATH = YES;
				SDKROOT = macosx;
				SWIFT_COMPILATION_MODE = wholemodule;
				SWIFT_OPTIMIZATION_LEVEL = "-O";
			};
			name = Release;
		};
		6B3C6F982A20A5F700617688 /* Debug */ = {
			isa = XCBuildConfiguration;
			buildSettings = {
				ASSETCATALOG_COMPILER_APPICON_NAME = AppIcon;
				ASSETCATALOG_COMPILER_GLOBAL_ACCENT_COLOR_NAME = AccentColor;
				CODE_SIGN_ENTITLEMENTS = CommunityWeek2023/CommunityWeek2023.entitlements;
				CODE_SIGN_STYLE = Automatic;
				COMBINE_HIDPI_IMAGES = YES;
				CURRENT_PROJECT_VERSION = 1;
				DEVELOPMENT_ASSET_PATHS = "\"CommunityWeek2023/Preview Content\"";
				DEVELOPMENT_TEAM = B8R9D7V9S5;
				ENABLE_HARDENED_RUNTIME = YES;
				ENABLE_PREVIEWS = YES;
				GENERATE_INFOPLIST_FILE = YES;
				INFOPLIST_KEY_NSHumanReadableCopyright = "";
				LD_RUNPATH_SEARCH_PATHS = (
					"$(inherited)",
					"@executable_path/../Frameworks",
				);
				MARKETING_VERSION = 1.0;
				PRODUCT_BUNDLE_IDENTIFIER = dev.steffi.playground.CommunityWeek2023;
				PRODUCT_NAME = "$(TARGET_NAME)";
				SWIFT_EMIT_LOC_STRINGS = YES;
				SWIFT_VERSION = 5.0;
			};
			name = Debug;
		};
		6B3C6F992A20A5F700617688 /* Release */ = {
			isa = XCBuildConfiguration;
			buildSettings = {
				ASSETCATALOG_COMPILER_APPICON_NAME = AppIcon;
				ASSETCATALOG_COMPILER_GLOBAL_ACCENT_COLOR_NAME = AccentColor;
				CODE_SIGN_ENTITLEMENTS = CommunityWeek2023/CommunityWeek2023.entitlements;
				CODE_SIGN_STYLE = Automatic;
				COMBINE_HIDPI_IMAGES = YES;
				CURRENT_PROJECT_VERSION = 1;
				DEVELOPMENT_ASSET_PATHS = "\"CommunityWeek2023/Preview Content\"";
				DEVELOPMENT_TEAM = B8R9D7V9S5;
				ENABLE_HARDENED_RUNTIME = YES;
				ENABLE_PREVIEWS = YES;
				GENERATE_INFOPLIST_FILE = YES;
				INFOPLIST_KEY_NSHumanReadableCopyright = "";
				LD_RUNPATH_SEARCH_PATHS = (
					"$(inherited)",
					"@executable_path/../Frameworks",
				);
				MARKETING_VERSION = 1.0;
				PRODUCT_BUNDLE_IDENTIFIER = dev.steffi.playground.CommunityWeek2023;
				PRODUCT_NAME = "$(TARGET_NAME)";
				SWIFT_EMIT_LOC_STRINGS = YES;
				SWIFT_VERSION = 5.0;
			};
			name = Release;
		};
		6B3C6F9B2A20A5F700617688 /* Debug */ = {
			isa = XCBuildConfiguration;
			buildSettings = {
				ALWAYS_EMBED_SWIFT_STANDARD_LIBRARIES = YES;
				BUNDLE_LOADER = "$(TEST_HOST)";
				CODE_SIGN_STYLE = Automatic;
				CURRENT_PROJECT_VERSION = 1;
				DEVELOPMENT_TEAM = B8R9D7V9S5;
				GENERATE_INFOPLIST_FILE = YES;
				MACOSX_DEPLOYMENT_TARGET = 13.1;
				MARKETING_VERSION = 1.0;
				PRODUCT_BUNDLE_IDENTIFIER = dev.steffi.playground.CommunityWeek2023Tests;
				PRODUCT_NAME = "$(TARGET_NAME)";
				SWIFT_EMIT_LOC_STRINGS = NO;
				SWIFT_VERSION = 5.0;
				TEST_HOST = "$(BUILT_PRODUCTS_DIR)/CommunityWeek2023.app/$(BUNDLE_EXECUTABLE_FOLDER_PATH)/CommunityWeek2023";
			};
			name = Debug;
		};
		6B3C6F9C2A20A5F700617688 /* Release */ = {
			isa = XCBuildConfiguration;
			buildSettings = {
				ALWAYS_EMBED_SWIFT_STANDARD_LIBRARIES = YES;
				BUNDLE_LOADER = "$(TEST_HOST)";
				CODE_SIGN_STYLE = Automatic;
				CURRENT_PROJECT_VERSION = 1;
				DEVELOPMENT_TEAM = B8R9D7V9S5;
				GENERATE_INFOPLIST_FILE = YES;
				MACOSX_DEPLOYMENT_TARGET = 13.1;
				MARKETING_VERSION = 1.0;
				PRODUCT_BUNDLE_IDENTIFIER = dev.steffi.playground.CommunityWeek2023Tests;
				PRODUCT_NAME = "$(TARGET_NAME)";
				SWIFT_EMIT_LOC_STRINGS = NO;
				SWIFT_VERSION = 5.0;
				TEST_HOST = "$(BUILT_PRODUCTS_DIR)/CommunityWeek2023.app/$(BUNDLE_EXECUTABLE_FOLDER_PATH)/CommunityWeek2023";
			};
			name = Release;
		};
		6B3C6F9E2A20A5F700617688 /* Debug */ = {
			isa = XCBuildConfiguration;
			buildSettings = {
				ALWAYS_EMBED_SWIFT_STANDARD_LIBRARIES = YES;
				CODE_SIGN_STYLE = Automatic;
				CURRENT_PROJECT_VERSION = 1;
				DEVELOPMENT_TEAM = B8R9D7V9S5;
				GENERATE_INFOPLIST_FILE = YES;
				MARKETING_VERSION = 1.0;
				PRODUCT_BUNDLE_IDENTIFIER = dev.steffi.playground.CommunityWeek2023UITests;
				PRODUCT_NAME = "$(TARGET_NAME)";
				SWIFT_EMIT_LOC_STRINGS = NO;
				SWIFT_VERSION = 5.0;
				TEST_TARGET_NAME = CommunityWeek2023;
			};
			name = Debug;
		};
		6B3C6F9F2A20A5F700617688 /* Release */ = {
			isa = XCBuildConfiguration;
			buildSettings = {
				ALWAYS_EMBED_SWIFT_STANDARD_LIBRARIES = YES;
				CODE_SIGN_STYLE = Automatic;
				CURRENT_PROJECT_VERSION = 1;
				DEVELOPMENT_TEAM = B8R9D7V9S5;
				GENERATE_INFOPLIST_FILE = YES;
				MARKETING_VERSION = 1.0;
				PRODUCT_BUNDLE_IDENTIFIER = dev.steffi.playground.CommunityWeek2023UITests;
				PRODUCT_NAME = "$(TARGET_NAME)";
				SWIFT_EMIT_LOC_STRINGS = NO;
				SWIFT_VERSION = 5.0;
				TEST_TARGET_NAME = CommunityWeek2023;
			};
			name = Release;
		};
/* End XCBuildConfiguration section */

/* Begin XCConfigurationList section */
		6B3C6F6D2A20A5F500617688 /* Build configuration list for PBXProject "CommunityWeek2023" */ = {
			isa = XCConfigurationList;
			buildConfigurations = (
				6B3C6F952A20A5F700617688 /* Debug */,
				6B3C6F962A20A5F700617688 /* Release */,
			);
			defaultConfigurationIsVisible = 0;
			defaultConfigurationName = Release;
		};
		6B3C6F972A20A5F700617688 /* Build configuration list for PBXNativeTarget "CommunityWeek2023" */ = {
			isa = XCConfigurationList;
			buildConfigurations = (
				6B3C6F982A20A5F700617688 /* Debug */,
				6B3C6F992A20A5F700617688 /* Release */,
			);
			defaultConfigurationIsVisible = 0;
			defaultConfigurationName = Release;
		};
		6B3C6F9A2A20A5F700617688 /* Build configuration list for PBXNativeTarget "CommunityWeek2023Tests" */ = {
			isa = XCConfigurationList;
			buildConfigurations = (
				6B3C6F9B2A20A5F700617688 /* Debug */,
				6B3C6F9C2A20A5F700617688 /* Release */,
			);
			defaultConfigurationIsVisible = 0;
			defaultConfigurationName = Release;
		};
		6B3C6F9D2A20A5F700617688 /* Build configuration list for PBXNativeTarget "CommunityWeek2023UITests" */ = {
			isa = XCConfigurationList;
			buildConfigurations = (
				6B3C6F9E2A20A5F700617688 /* Debug */,
				6B3C6F9F2A20A5F700617688 /* Release */,
			);
			defaultConfigurationIsVisible = 0;
			defaultConfigurationName = Release;
		};
/* End XCConfigurationList section */
	};
	rootObject = 6B3C6F6A2A20A5F500617688 /* Project object */;
}
